
Microsoft Visual Studio Solution File, Format Version 12.00
# Visual Studio Version 17
VisualStudioVersion = 17.4.33103.184
MinimumVisualStudioVersion = 10.0.40219.1
Project("{FAE04EC0-301F-11D3-BF4B-00C04F79EFBC}") = "LadaTest", "LadaTest\LadaTest.csproj", "{813DDA94-E42E-4A8C-902A-DB9B63EB1E76}"
EndProject
Global
	GlobalSection(SolutionConfigurationPlatforms) = preSolution
		Debug|Any CPU = Debug|Any CPU
		Release|Any CPU = Release|Any CPU
	EndGlobalSection
	GlobalSection(ProjectConfigurationPlatforms) = postSolution
		{813DDA94-E42E-4A8C-902A-DB9B63EB1E76}.Debug|Any CPU.ActiveCfg = Debug|Any CPU
		{813DDA94-E42E-4A8C-902A-DB9B63EB1E76}.Debug|Any CPU.Build.0 = Debug|Any CPU
		{813DDA94-E42E-4A8C-902A-DB9B63EB1E76}.Release|Any CPU.ActiveCfg = Release|Any CPU
		{813DDA94-E42E-4A8C-902A-DB9B63EB1E76}.Release|Any CPU.Build.0 = Release|Any CPU
	EndGlobalSection
	GlobalSection(SolutionProperties) = preSolution
		HideSolutionNode = FALSE
	EndGlobalSection
	GlobalSection(ExtensibilityGlobals) = postSolution
		SolutionGuid = {901B1066-CF78-4728-92F1-BA8AA9791A15}
	EndGlobalSection
EndGlobal
